{
  "originHash" : "510196dce115967d77af442fedd61f6516eee185f7b1d7387abc032ae384f828",
  "pins" : [
    {
      "identity" : "swiftpizzasnips",
      "kind" : "remoteSourceControl",
      "location" : "https://github.com/mredig/SwiftPizzaSnips.git",
      "state" : {
        "revision" : "d7b033afb6d00856a03b1261279cc5e88cf00050",
        "version" : "0.4.19"
      }
    },
    {
      "identity" : "tinyswiftjpeg",
      "kind" : "remoteSourceControl",
      "location" : "https://github.com/mredig/TinySwiftJPEG.git",
      "state" : {
        "revision" : "280c44d5a6929cdda1c25c5750ac40d945cdfde3",
        "version" : "0.1.1"
      }
    }
  ],
  "version" : 3
}
